{
  "nodes": {
    "home-manager": {
      "inputs": {
        "nixpkgs": [
          "nixpkgs"
        ]
      },
      "locked": {
        "lastModified": 1609081855,
        "narHash": "sha256-wxTOLR1BSMojbJ8N2pIsaf6+AD4WZNeCSP34OKiJfvE=",
        "owner": "rycee",
        "repo": "home-manager",
        "rev": "5263fe459413a411e51355bfae5b5673b481dbe3",
        "type": "github"
      },
      "original": {
        "owner": "rycee",
        "ref": "master",
        "repo": "home-manager",
        "type": "github"
      }
    },
    "nixpkgs": {
      "locked": {
        "lastModified": 1608560866,
        "narHash": "sha256-pUEPHLXHOeFdpyw3TENsRiSyMrFGrBTAgTInv7IeFqo=",
        "owner": "NixOS",
        "repo": "nixpkgs",
        "rev": "a3a3dda3bacf61e8a39258a0ed9c924eeca8e293",
        "type": "github"
      },
      "original": {
        "owner": "NixOS",
        "ref": "nixos-20.09",
        "repo": "nixpkgs",
        "type": "github"
      }
    },
    "nixpkgs-unstable": {
      "locked": {
        "lastModified": 1608658183,
        "narHash": "sha256-dvJAFgZ/Dg03AtJW9x90gfJ+xoImWFS/N5z2JPv3aTg=",
        "owner": "NixOS",
        "repo": "nixpkgs",
        "rev": "6411d7470f4d4f2fe8e67ced5b731b0e60d7e6a2",
        "type": "github"
      },
      "original": {
        "id": "nixpkgs",
        "ref": "master",
        "type": "indirect"
      }
    },
    "root": {
      "inputs": {
        "home-manager": "home-manager",
        "nixpkgs": "nixpkgs",
        "nixpkgs-unstable": "nixpkgs-unstable"
      }
    }
  },
  "root": "root",
  "version": 7
}
