{
  "nodes": {
    "darwin": {
      "inputs": {
        "nixpkgs": [
          "nixpkgs"
        ]
      },
      "locked": {
        "lastModified": 1613595894,
        "narHash": "sha256-MOk/7rCAUB5Lf4GL+HimvyAAZXYEw8gWsq5nW4PPQQA=",
        "owner": "lnl7",
        "repo": "nix-darwin",
        "rev": "5c3146b75d5d478f0693d0ea6c83f1da8382ff56",
        "type": "github"
      },
      "original": {
        "owner": "lnl7",
        "ref": "master",
        "repo": "nix-darwin",
        "type": "github"
      }
    },
    "home-manager": {
      "inputs": {
        "nixpkgs": [
          "nixpkgs"
        ]
      },
      "locked": {
        "lastModified": 1614828017,
        "narHash": "sha256-JOH+D/XRwC+eJcv4DI+Fa2GPa5oPHHo0LPpgC8p2aKI=",
        "owner": "nix-community",
        "repo": "home-manager",
        "rev": "0e2dc4be3006ef8354d782d34301f9a09946cfc2",
        "type": "github"
      },
      "original": {
        "owner": "nix-community",
        "ref": "master",
        "repo": "home-manager",
        "type": "github"
      }
    },
    "nixpkgs": {
      "locked": {
        "lastModified": 1614458356,
        "narHash": "sha256-5PBcS5ws/6sUMkX6dFzdsnbAb/Y0iZZrbeGHIuZh9Io=",
        "owner": "NixOS",
        "repo": "nixpkgs",
        "rev": "5df05c902cde398e056eb6271d5fe13e418db4c6",
        "type": "github"
      },
      "original": {
        "id": "nixpkgs",
        "ref": "nixpkgs-unstable",
        "type": "indirect"
      }
    },
    "root": {
      "inputs": {
        "darwin": "darwin",
        "home-manager": "home-manager",
        "nixpkgs": "nixpkgs"
      }
    }
  },
  "root": "root",
  "version": 7
}
